// !$*UTF8*$!
{
	archiveVersion = 1;
	classes = {
	};
	objectVersion = 56;
	objects = {

/* Begin PBXBuildFile section */
		FF7995222BF14D4000AB3A51 /* AppDelegate.swift in Sources */ = {isa = PBXBuildFile; fileRef = FF7995212BF14D4000AB3A51 /* AppDelegate.swift */; };
		FF7995242BF14D4000AB3A51 /* ContentView.swift in Sources */ = {isa = PBXBuildFile; fileRef = FF7995232BF14D4000AB3A51 /* ContentView.swift */; };
		FF7995262BF14D4100AB3A51 /* Assets.xcassets in Resources */ = {isa = PBXBuildFile; fileRef = FF7995252BF14D4100AB3A51 /* Assets.xcassets */; };
		FF7995292BF14D4100AB3A51 /* Preview Assets.xcassets in Resources */ = {isa = PBXBuildFile; fileRef = FF7995282BF14D4100AB3A51 /* Preview Assets.xcassets */; };
		FF7995332BF14D4100AB3A51 /* TestARAppTests.swift in Sources */ = {isa = PBXBuildFile; fileRef = FF7995322BF14D4100AB3A51 /* TestARAppTests.swift */; };
		FF79953D2BF14D4100AB3A51 /* TestARAppUITests.swift in Sources */ = {isa = PBXBuildFile; fileRef = FF79953C2BF14D4100AB3A51 /* TestARAppUITests.swift */; };
		FF79953F2BF14D4100AB3A51 /* TestARAppUITestsLaunchTests.swift in Sources */ = {isa = PBXBuildFile; fileRef = FF79953E2BF14D4100AB3A51 /* TestARAppUITestsLaunchTests.swift */; };
/* End PBXBuildFile section */

/* Begin PBXContainerItemProxy section */
		FF79952F2BF14D4100AB3A51 /* PBXContainerItemProxy */ = {
			isa = PBXContainerItemProxy;
			containerPortal = FF7995162BF14D4000AB3A51 /* Project object */;
			proxyType = 1;
			remoteGlobalIDString = FF79951D2BF14D4000AB3A51;
			remoteInfo = TestARApp;
		};
		FF7995392BF14D4100AB3A51 /* PBXContainerItemProxy */ = {
			isa = PBXContainerItemProxy;
			containerPortal = FF7995162BF14D4000AB3A51 /* Project object */;
			proxyType = 1;
			remoteGlobalIDString = FF79951D2BF14D4000AB3A51;
			remoteInfo = TestARApp;
		};
/* End PBXContainerItemProxy section */

/* Begin PBXFileReference section */
		FF79951E2BF14D4000AB3A51 /* TestARApp.app */ = {isa = PBXFileReference; explicitFileType = wrapper.application; includeInIndex = 0; path = TestARApp.app; sourceTree = BUILT_PRODUCTS_DIR; };
		FF7995212BF14D4000AB3A51 /* AppDelegate.swift */ = {isa = PBXFileReference; lastKnownFileType = sourcecode.swift; path = AppDelegate.swift; sourceTree = "<group>"; };
		FF7995232BF14D4000AB3A51 /* ContentView.swift */ = {isa = PBXFileReference; lastKnownFileType = sourcecode.swift; path = ContentView.swift; sourceTree = "<group>"; };
		FF7995252BF14D4100AB3A51 /* Assets.xcassets */ = {isa = PBXFileReference; lastKnownFileType = folder.assetcatalog; path = Assets.xcassets; sourceTree = "<group>"; };
		FF7995282BF14D4100AB3A51 /* Preview Assets.xcassets */ = {isa = PBXFileReference; lastKnownFileType = folder.assetcatalog; path = "Preview Assets.xcassets"; sourceTree = "<group>"; };
		FF79952E2BF14D4100AB3A51 /* TestARAppTests.xctest */ = {isa = PBXFileReference; explicitFileType = wrapper.cfbundle; includeInIndex = 0; path = TestARAppTests.xctest; sourceTree = BUILT_PRODUCTS_DIR; };
		FF7995322BF14D4100AB3A51 /* TestARAppTests.swift */ = {isa = PBXFileReference; lastKnownFileType = sourcecode.swift; path = TestARAppTests.swift; sourceTree = "<group>"; };
		FF7995382BF14D4100AB3A51 /* TestARAppUITests.xctest */ = {isa = PBXFileReference; explicitFileType = wrapper.cfbundle; includeInIndex = 0; path = TestARAppUITests.xctest; sourceTree = BUILT_PRODUCTS_DIR; };
		FF79953C2BF14D4100AB3A51 /* TestARAppUITests.swift */ = {isa = PBXFileReference; lastKnownFileType = sourcecode.swift; path = TestARAppUITests.swift; sourceTree = "<group>"; };
		FF79953E2BF14D4100AB3A51 /* TestARAppUITestsLaunchTests.swift */ = {isa = PBXFileReference; lastKnownFileType = sourcecode.swift; path = TestARAppUITestsLaunchTests.swift; sourceTree = "<group>"; };
/* End PBXFileReference section */

/* Begin PBXFrameworksBuildPhase section */
		FF79951B2BF14D4000AB3A51 /* Frameworks */ = {
			isa = PBXFrameworksBuildPhase;
			buildActionMask = 2147483647;
			files = (
			);
			runOnlyForDeploymentPostprocessing = 0;
		};
		FF79952B2BF14D4100AB3A51 /* Frameworks */ = {
			isa = PBXFrameworksBuildPhase;
			buildActionMask = 2147483647;
			files = (
			);
			runOnlyForDeploymentPostprocessing = 0;
		};
		FF7995352BF14D4100AB3A51 /* Frameworks */ = {
			isa = PBXFrameworksBuildPhase;
			buildActionMask = 2147483647;
			files = (
			);
			runOnlyForDeploymentPostprocessing = 0;
		};
/* End PBXFrameworksBuildPhase section */

/* Begin PBXGroup section */
		FF7995152BF14D4000AB3A51 = {
			isa = PBXGroup;
			children = (
				FF7995202BF14D4000AB3A51 /* TestARApp */,
				FF7995312BF14D4100AB3A51 /* TestARAppTests */,
				FF79953B2BF14D4100AB3A51 /* TestARAppUITests */,
				FF79951F2BF14D4000AB3A51 /* Products */,
			);
			sourceTree = "<group>";
		};
		FF79951F2BF14D4000AB3A51 /* Products */ = {
			isa = PBXGroup;
			children = (
				FF79951E2BF14D4000AB3A51 /* TestARApp.app */,
				FF79952E2BF14D4100AB3A51 /* TestARAppTests.xctest */,
				FF7995382BF14D4100AB3A51 /* TestARAppUITests.xctest */,
			);
			name = Products;
			sourceTree = "<group>";
		};
		FF7995202BF14D4000AB3A51 /* TestARApp */ = {
			isa = PBXGroup;
			children = (
				FF7995212BF14D4000AB3A51 /* AppDelegate.swift */,
				FF7995232BF14D4000AB3A51 /* ContentView.swift */,
				FF7995252BF14D4100AB3A51 /* Assets.xcassets */,
				FF7995272BF14D4100AB3A51 /* Preview Content */,
			);
			path = TestARApp;
			sourceTree = "<group>";
		};
		FF7995272BF14D4100AB3A51 /* Preview Content */ = {
			isa = PBXGroup;
			children = (
				FF7995282BF14D4100AB3A51 /* Preview Assets.xcassets */,
			);
			path = "Preview Content";
			sourceTree = "<group>";
		};
		FF7995312BF14D4100AB3A51 /* TestARAppTests */ = {
			isa = PBXGroup;
			children = (
				FF7995322BF14D4100AB3A51 /* TestARAppTests.swift */,
			);
			path = TestARAppTests;
			sourceTree = "<group>";
		};
		FF79953B2BF14D4100AB3A51 /* TestARAppUITests */ = {
			isa = PBXGroup;
			children = (
				FF79953C2BF14D4100AB3A51 /* TestARAppUITests.swift */,
				FF79953E2BF14D4100AB3A51 /* TestARAppUITestsLaunchTests.swift */,
			);
			path = TestARAppUITests;
			sourceTree = "<group>";
		};
/* End PBXGroup section */

/* Begin PBXNativeTarget section */
		FF79951D2BF14D4000AB3A51 /* TestARApp */ = {
			isa = PBXNativeTarget;
			buildConfigurationList = FF7995422BF14D4100AB3A51 /* Build configuration list for PBXNativeTarget "TestARApp" */;
			buildPhases = (
				FF79951A2BF14D4000AB3A51 /* Sources */,
				FF79951B2BF14D4000AB3A51 /* Frameworks */,
				FF79951C2BF14D4000AB3A51 /* Resources */,
			);
			buildRules = (
			);
			dependencies = (
			);
			name = TestARApp;
			productName = TestARApp;
			productReference = FF79951E2BF14D4000AB3A51 /* TestARApp.app */;
			productType = "com.apple.product-type.application";
		};
		FF79952D2BF14D4100AB3A51 /* TestARAppTests */ = {
			isa = PBXNativeTarget;
			buildConfigurationList = FF7995452BF14D4100AB3A51 /* Build configuration list for PBXNativeTarget "TestARAppTests" */;
			buildPhases = (
				FF79952A2BF14D4100AB3A51 /* Sources */,
				FF79952B2BF14D4100AB3A51 /* Frameworks */,
				FF79952C2BF14D4100AB3A51 /* Resources */,
			);
			buildRules = (
			);
			dependencies = (
				FF7995302BF14D4100AB3A51 /* PBXTargetDependency */,
			);
			name = TestARAppTests;
			productName = TestARAppTests;
			productReference = FF79952E2BF14D4100AB3A51 /* TestARAppTests.xctest */;
			productType = "com.apple.product-type.bundle.unit-test";
		};
		FF7995372BF14D4100AB3A51 /* TestARAppUITests */ = {
			isa = PBXNativeTarget;
			buildConfigurationList = FF7995482BF14D4100AB3A51 /* Build configuration list for PBXNativeTarget "TestARAppUITests" */;
			buildPhases = (
				FF7995342BF14D4100AB3A51 /* Sources */,
				FF7995352BF14D4100AB3A51 /* Frameworks */,
				FF7995362BF14D4100AB3A51 /* Resources */,
			);
			buildRules = (
			);
			dependencies = (
				FF79953A2BF14D4100AB3A51 /* PBXTargetDependency */,
			);
			name = TestARAppUITests;
			productName = TestARAppUITests;
			productReference = FF7995382BF14D4100AB3A51 /* TestARAppUITests.xctest */;
			productType = "com.apple.product-type.bundle.ui-testing";
		};
/* End PBXNativeTarget section */

/* Begin PBXProject section */
		FF7995162BF14D4000AB3A51 /* Project object */ = {
			isa = PBXProject;
			attributes = {
				BuildIndependentTargetsInParallel = 1;
				LastSwiftUpdateCheck = 1530;
				LastUpgradeCheck = 1530;
				TargetAttributes = {
					FF79951D2BF14D4000AB3A51 = {
						CreatedOnToolsVersion = 15.3;
					};
					FF79952D2BF14D4100AB3A51 = {
						CreatedOnToolsVersion = 15.3;
						TestTargetID = FF79951D2BF14D4000AB3A51;
					};
					FF7995372BF14D4100AB3A51 = {
						CreatedOnToolsVersion = 15.3;
						TestTargetID = FF79951D2BF14D4000AB3A51;
					};
				};
			};
			buildConfigurationList = FF7995192BF14D4000AB3A51 /* Build configuration list for PBXProject "TestARApp" */;
			compatibilityVersion = "Xcode 14.0";
			developmentRegion = en;
			hasScannedForEncodings = 0;
			knownRegions = (
				en,
				Base,
			);
			mainGroup = FF7995152BF14D4000AB3A51;
			productRefGroup = FF79951F2BF14D4000AB3A51 /* Products */;
			projectDirPath = "";
			projectRoot = "";
			targets = (
				FF79951D2BF14D4000AB3A51 /* TestARApp */,
				FF79952D2BF14D4100AB3A51 /* TestARAppTests */,
				FF7995372BF14D4100AB3A51 /* TestARAppUITests */,
			);
		};
/* End PBXProject section */

/* Begin PBXResourcesBuildPhase section */
		FF79951C2BF14D4000AB3A51 /* Resources */ = {
			isa = PBXResourcesBuildPhase;
			buildActionMask = 2147483647;
			files = (
				FF7995292BF14D4100AB3A51 /* Preview Assets.xcassets in Resources */,
				FF7995262BF14D4100AB3A51 /* Assets.xcassets in Resources */,
			);
			runOnlyForDeploymentPostprocessing = 0;
		};
		FF79952C2BF14D4100AB3A51 /* Resources */ = {
			isa = PBXResourcesBuildPhase;
			buildActionMask = 2147483647;
			files = (
			);
			runOnlyForDeploymentPostprocessing = 0;
		};
		FF7995362BF14D4100AB3A51 /* Resources */ = {
			isa = PBXResourcesBuildPhase;
			buildActionMask = 2147483647;
			files = (
			);
			runOnlyForDeploymentPostprocessing = 0;
		};
/* End PBXResourcesBuildPhase section */

/* Begin PBXSourcesBuildPhase section */
		FF79951A2BF14D4000AB3A51 /* Sources */ = {
			isa = PBXSourcesBuildPhase;
			buildActionMask = 2147483647;
			files = (
				FF7995242BF14D4000AB3A51 /* ContentView.swift in Sources */,
				FF7995222BF14D4000AB3A51 /* AppDelegate.swift in Sources */,
			);
			runOnlyForDeploymentPostprocessing = 0;
		};
		FF79952A2BF14D4100AB3A51 /* Sources */ = {
			isa = PBXSourcesBuildPhase;
			buildActionMask = 2147483647;
			files = (
				FF7995332BF14D4100AB3A51 /* TestARAppTests.swift in Sources */,
			);
			runOnlyForDeploymentPostprocessing = 0;
		};
		FF7995342BF14D4100AB3A51 /* Sources */ = {
			isa = PBXSourcesBuildPhase;
			buildActionMask = 2147483647;
			files = (
				FF79953D2BF14D4100AB3A51 /* TestARAppUITests.swift in Sources */,
				FF79953F2BF14D4100AB3A51 /* TestARAppUITestsLaunchTests.swift in Sources */,
			);
			runOnlyForDeploymentPostprocessing = 0;
		};
/* End PBXSourcesBuildPhase section */

/* Begin PBXTargetDependency section */
		FF7995302BF14D4100AB3A51 /* PBXTargetDependency */ = {
			isa = PBXTargetDependency;
			target = FF79951D2BF14D4000AB3A51 /* TestARApp */;
			targetProxy = FF79952F2BF14D4100AB3A51 /* PBXContainerItemProxy */;
		};
		FF79953A2BF14D4100AB3A51 /* PBXTargetDependency */ = {
			isa = PBXTargetDependency;
			target = FF79951D2BF14D4000AB3A51 /* TestARApp */;
			targetProxy = FF7995392BF14D4100AB3A51 /* PBXContainerItemProxy */;
		};
/* End PBXTargetDependency section */

/* Begin XCBuildConfiguration section */
		FF7995402BF14D4100AB3A51 /* Debug */ = {
			isa = XCBuildConfiguration;
			buildSettings = {
				ALWAYS_SEARCH_USER_PATHS = NO;
				ASSETCATALOG_COMPILER_GENERATE_SWIFT_ASSET_SYMBOL_EXTENSIONS = YES;
				CLANG_ANALYZER_NONNULL = YES;
				CLANG_ANALYZER_NUMBER_OBJECT_CONVERSION = YES_AGGRESSIVE;
				CLANG_CXX_LANGUAGE_STANDARD = "gnu++20";
				CLANG_ENABLE_MODULES = YES;
				CLANG_ENABLE_OBJC_ARC = YES;
				CLANG_ENABLE_OBJC_WEAK = YES;
				CLANG_WARN_BLOCK_CAPTURE_AUTORELEASING = YES;
				CLANG_WARN_BOOL_CONVERSION = YES;
				CLANG_WARN_COMMA = YES;
				CLANG_WARN_CONSTANT_CONVERSION = YES;
				CLANG_WARN_DEPRECATED_OBJC_IMPLEMENTATIONS = YES;
				CLANG_WARN_DIRECT_OBJC_ISA_USAGE = YES_ERROR;
				CLANG_WARN_DOCUMENTATION_COMMENTS = YES;
				CLANG_WARN_EMPTY_BODY = YES;
				CLANG_WARN_ENUM_CONVERSION = YES;
				CLANG_WARN_INFINITE_RECURSION = YES;
				CLANG_WARN_INT_CONVERSION = YES;
				CLANG_WARN_NON_LITERAL_NULL_CONVERSION = YES;
				CLANG_WARN_OBJC_IMPLICIT_RETAIN_SELF = YES;
				CLANG_WARN_OBJC_LITERAL_CONVERSION = YES;
				CLANG_WARN_OBJC_ROOT_CLASS = YES_ERROR;
				CLANG_WARN_QUOTED_INCLUDE_IN_FRAMEWORK_HEADER = YES;
				CLANG_WARN_RANGE_LOOP_ANALYSIS = YES;
				CLANG_WARN_STRICT_PROTOTYPES = YES;
				CLANG_WARN_SUSPICIOUS_MOVE = YES;
				CLANG_WARN_UNGUARDED_AVAILABILITY = YES_AGGRESSIVE;
				CLANG_WARN_UNREACHABLE_CODE = YES;
				CLANG_WARN__DUPLICATE_METHOD_MATCH = YES;
				COPY_PHASE_STRIP = NO;
				DEBUG_INFORMATION_FORMAT = dwarf;
				ENABLE_STRICT_OBJC_MSGSEND = YES;
				ENABLE_TESTABILITY = YES;
				ENABLE_USER_SCRIPT_SANDBOXING = YES;
				GCC_C_LANGUAGE_STANDARD = gnu17;
				GCC_DYNAMIC_NO_PIC = NO;
				GCC_NO_COMMON_BLOCKS = YES;
				GCC_OPTIMIZATION_LEVEL = 0;
				GCC_PREPROCESSOR_DEFINITIONS = (
					"DEBUG=1",
					"$(inherited)",
				);
				GCC_WARN_64_TO_32_BIT_CONVERSION = YES;
				GCC_WARN_ABOUT_RETURN_TYPE = YES_ERROR;
				GCC_WARN_UNDECLARED_SELECTOR = YES;
				GCC_WARN_UNINITIALIZED_AUTOS = YES_AGGRESSIVE;
				GCC_WARN_UNUSED_FUNCTION = YES;
				GCC_WARN_UNUSED_VARIABLE = YES;
				IPHONEOS_DEPLOYMENT_TARGET = 17.4;
				LOCALIZATION_PREFERS_STRING_CATALOGS = YES;
				MTL_ENABLE_DEBUG_INFO = INCLUDE_SOURCE;
				MTL_FAST_MATH = YES;
				ONLY_ACTIVE_ARCH = YES;
				SDKROOT = iphoneos;
				SWIFT_ACTIVE_COMPILATION_CONDITIONS = "DEBUG $(inherited)";
				SWIFT_OPTIMIZATION_LEVEL = "-Onone";
			};
			name = Debug;
		};
		FF7995412BF14D4100AB3A51 /* Release */ = {
			isa = XCBuildConfiguration;
			buildSettings = {
				ALWAYS_SEARCH_USER_PATHS = NO;
				ASSETCATALOG_COMPILER_GENERATE_SWIFT_ASSET_SYMBOL_EXTENSIONS = YES;
				CLANG_ANALYZER_NONNULL = YES;
				CLANG_ANALYZER_NUMBER_OBJECT_CONVERSION = YES_AGGRESSIVE;
				CLANG_CXX_LANGUAGE_STANDARD = "gnu++20";
				CLANG_ENABLE_MODULES = YES;
				CLANG_ENABLE_OBJC_ARC = YES;
				CLANG_ENABLE_OBJC_WEAK = YES;
				CLANG_WARN_BLOCK_CAPTURE_AUTORELEASING = YES;
				CLANG_WARN_BOOL_CONVERSION = YES;
				CLANG_WARN_COMMA = YES;
				CLANG_WARN_CONSTANT_CONVERSION = YES;
				CLANG_WARN_DEPRECATED_OBJC_IMPLEMENTATIONS = YES;
				CLANG_WARN_DIRECT_OBJC_ISA_USAGE = YES_ERROR;
				CLANG_WARN_DOCUMENTATION_COMMENTS = YES;
				CLANG_WARN_EMPTY_BODY = YES;
				CLANG_WARN_ENUM_CONVERSION = YES;
				CLANG_WARN_INFINITE_RECURSION = YES;
				CLANG_WARN_INT_CONVERSION = YES;
				CLANG_WARN_NON_LITERAL_NULL_CONVERSION = YES;
				CLANG_WARN_OBJC_IMPLICIT_RETAIN_SELF = YES;
				CLANG_WARN_OBJC_LITERAL_CONVERSION = YES;
				CLANG_WARN_OBJC_ROOT_CLASS = YES_ERROR;
				CLANG_WARN_QUOTED_INCLUDE_IN_FRAMEWORK_HEADER = YES;
				CLANG_WARN_RANGE_LOOP_ANALYSIS = YES;
				CLANG_WARN_STRICT_PROTOTYPES = YES;
				CLANG_WARN_SUSPICIOUS_MOVE = YES;
				CLANG_WARN_UNGUARDED_AVAILABILITY = YES_AGGRESSIVE;
				CLANG_WARN_UNREACHABLE_CODE = YES;
				CLANG_WARN__DUPLICATE_METHOD_MATCH = YES;
				COPY_PHASE_STRIP = NO;
				DEBUG_INFORMATION_FORMAT = "dwarf-with-dsym";
				ENABLE_NS_ASSERTIONS = NO;
				ENABLE_STRICT_OBJC_MSGSEND = YES;
				ENABLE_USER_SCRIPT_SANDBOXING = YES;
				GCC_C_LANGUAGE_STANDARD = gnu17;
				GCC_NO_COMMON_BLOCKS = YES;
				GCC_WARN_64_TO_32_BIT_CONVERSION = YES;
				GCC_WARN_ABOUT_RETURN_TYPE = YES_ERROR;
				GCC_WARN_UNDECLARED_SELECTOR = YES;
				GCC_WARN_UNINITIALIZED_AUTOS = YES_AGGRESSIVE;
				GCC_WARN_UNUSED_FUNCTION = YES;
				GCC_WARN_UNUSED_VARIABLE = YES;
				IPHONEOS_DEPLOYMENT_TARGET = 17.4;
				LOCALIZATION_PREFERS_STRING_CATALOGS = YES;
				MTL_ENABLE_DEBUG_INFO = NO;
				MTL_FAST_MATH = YES;
				SDKROOT = iphoneos;
				SWIFT_COMPILATION_MODE = wholemodule;
				VALIDATE_PRODUCT = YES;
			};
			name = Release;
		};
		FF7995432BF14D4100AB3A51 /* Debug */ = {
			isa = XCBuildConfiguration;
			buildSettings = {
				ASSETCATALOG_COMPILER_APPICON_NAME = AppIcon;
				ASSETCATALOG_COMPILER_GLOBAL_ACCENT_COLOR_NAME = AccentColor;
				CODE_SIGN_STYLE = Automatic;
				CURRENT_PROJECT_VERSION = 1;
				DEVELOPMENT_ASSET_PATHS = "\"TestARApp/Preview Content\"";
				ENABLE_PREVIEWS = YES;
				GENERATE_INFOPLIST_FILE = YES;
				INFOPLIST_KEY_NSCameraUsageDescription = "";
				INFOPLIST_KEY_UIApplicationSupportsIndirectInputEvents = YES;
				INFOPLIST_KEY_UILaunchScreen_Generation = YES;
				INFOPLIST_KEY_UIRequiredDeviceCapabilities = arkit;
				INFOPLIST_KEY_UIStatusBarHidden = YES;
				INFOPLIST_KEY_UISupportedInterfaceOrientations_iPad = "UIInterfaceOrientationPortrait UIInterfaceOrientationPortraitUpsideDown UIInterfaceOrientationLandscapeLeft UIInterfaceOrientationLandscapeRight";
				INFOPLIST_KEY_UISupportedInterfaceOrientations_iPhone = "UIInterfaceOrientationPortrait UIInterfaceOrientationLandscapeLeft UIInterfaceOrientationLandscapeRight";
				LD_RUNPATH_SEARCH_PATHS = (
					"$(inherited)",
					"@executable_path/Frameworks",
				);
				MARKETING_VERSION = 1.0;
				PRODUCT_BUNDLE_IDENTIFIER = dev.rubbersidedowntech.TestARApp;
				PRODUCT_NAME = "$(TARGET_NAME)";
				SWIFT_EMIT_LOC_STRINGS = YES;
				SWIFT_VERSION = 5.0;
				TARGETED_DEVICE_FAMILY = "1,2";
			};
			name = Debug;
		};
		FF7995442BF14D4100AB3A51 /* Release */ = {
			isa = XCBuildConfiguration;
			buildSettings = {
				ASSETCATALOG_COMPILER_APPICON_NAME = AppIcon;
				ASSETCATALOG_COMPILER_GLOBAL_ACCENT_COLOR_NAME = AccentColor;
				CODE_SIGN_STYLE = Automatic;
				CURRENT_PROJECT_VERSION = 1;
				DEVELOPMENT_ASSET_PATHS = "\"TestARApp/Preview Content\"";
				ENABLE_PREVIEWS = YES;
				GENERATE_INFOPLIST_FILE = YES;
				INFOPLIST_KEY_NSCameraUsageDescription = "";
				INFOPLIST_KEY_UIApplicationSupportsIndirectInputEvents = YES;
				INFOPLIST_KEY_UILaunchScreen_Generation = YES;
				INFOPLIST_KEY_UIRequiredDeviceCapabilities = arkit;
				INFOPLIST_KEY_UIStatusBarHidden = YES;
				INFOPLIST_KEY_UISupportedInterfaceOrientations_iPad = "UIInterfaceOrientationPortrait UIInterfaceOrientationPortraitUpsideDown UIInterfaceOrientationLandscapeLeft UIInterfaceOrientationLandscapeRight";
				INFOPLIST_KEY_UISupportedInterfaceOrientations_iPhone = "UIInterfaceOrientationPortrait UIInterfaceOrientationLandscapeLeft UIInterfaceOrientationLandscapeRight";
				LD_RUNPATH_SEARCH_PATHS = (
					"$(inherited)",
					"@executable_path/Frameworks",
				);
				MARKETING_VERSION = 1.0;
				PRODUCT_BUNDLE_IDENTIFIER = dev.rubbersidedowntech.TestARApp;
				PRODUCT_NAME = "$(TARGET_NAME)";
				SWIFT_EMIT_LOC_STRINGS = YES;
				SWIFT_VERSION = 5.0;
				TARGETED_DEVICE_FAMILY = "1,2";
			};
			name = Release;
		};
		FF7995462BF14D4100AB3A51 /* Debug */ = {
			isa = XCBuildConfiguration;
			buildSettings = {
				ALWAYS_EMBED_SWIFT_STANDARD_LIBRARIES = YES;
				BUNDLE_LOADER = "$(TEST_HOST)";
				CODE_SIGN_STYLE = Automatic;
				CURRENT_PROJECT_VERSION = 1;
				GENERATE_INFOPLIST_FILE = YES;
				IPHONEOS_DEPLOYMENT_TARGET = 17.4;
				MARKETING_VERSION = 1.0;
				PRODUCT_BUNDLE_IDENTIFIER = dev.rubbersidedowntech.TestARAppTests;
				PRODUCT_NAME = "$(TARGET_NAME)";
				SWIFT_EMIT_LOC_STRINGS = NO;
				SWIFT_VERSION = 5.0;
				TARGETED_DEVICE_FAMILY = "1,2";
				TEST_HOST = "$(BUILT_PRODUCTS_DIR)/TestARApp.app/$(BUNDLE_EXECUTABLE_FOLDER_PATH)/TestARApp";
			};
			name = Debug;
		};
		FF7995472BF14D4100AB3A51 /* Release */ = {
			isa = XCBuildConfiguration;
			buildSettings = {
				ALWAYS_EMBED_SWIFT_STANDARD_LIBRARIES = YES;
				BUNDLE_LOADER = "$(TEST_HOST)";
				CODE_SIGN_STYLE = Automatic;
				CURRENT_PROJECT_VERSION = 1;
				GENERATE_INFOPLIST_FILE = YES;
				IPHONEOS_DEPLOYMENT_TARGET = 17.4;
				MARKETING_VERSION = 1.0;
				PRODUCT_BUNDLE_IDENTIFIER = dev.rubbersidedowntech.TestARAppTests;
				PRODUCT_NAME = "$(TARGET_NAME)";
				SWIFT_EMIT_LOC_STRINGS = NO;
				SWIFT_VERSION = 5.0;
				TARGETED_DEVICE_FAMILY = "1,2";
				TEST_HOST = "$(BUILT_PRODUCTS_DIR)/TestARApp.app/$(BUNDLE_EXECUTABLE_FOLDER_PATH)/TestARApp";
			};
			name = Release;
		};
		FF7995492BF14D4100AB3A51 /* Debug */ = {
			isa = XCBuildConfiguration;
			buildSettings = {
				ALWAYS_EMBED_SWIFT_STANDARD_LIBRARIES = YES;
				CODE_SIGN_STYLE = Automatic;
				CURRENT_PROJECT_VERSION = 1;
				GENERATE_INFOPLIST_FILE = YES;
				MARKETING_VERSION = 1.0;
				PRODUCT_BUNDLE_IDENTIFIER = dev.rubbersidedowntech.TestARAppUITests;
				PRODUCT_NAME = "$(TARGET_NAME)";
				SWIFT_EMIT_LOC_STRINGS = NO;
				SWIFT_VERSION = 5.0;
				TARGETED_DEVICE_FAMILY = "1,2";
				TEST_TARGET_NAME = TestARApp;
			};
			name = Debug;
		};
		FF79954A2BF14D4100AB3A51 /* Release */ = {
			isa = XCBuildConfiguration;
			buildSettings = {
				ALWAYS_EMBED_SWIFT_STANDARD_LIBRARIES = YES;
				CODE_SIGN_STYLE = Automatic;
				CURRENT_PROJECT_VERSION = 1;
				GENERATE_INFOPLIST_FILE = YES;
				MARKETING_VERSION = 1.0;
				PRODUCT_BUNDLE_IDENTIFIER = dev.rubbersidedowntech.TestARAppUITests;
				PRODUCT_NAME = "$(TARGET_NAME)";
				SWIFT_EMIT_LOC_STRINGS = NO;
				SWIFT_VERSION = 5.0;
				TARGETED_DEVICE_FAMILY = "1,2";
				TEST_TARGET_NAME = TestARApp;
			};
			name = Release;
		};
/* End XCBuildConfiguration section */

/* Begin XCConfigurationList section */
		FF7995192BF14D4000AB3A51 /* Build configuration list for PBXProject "TestARApp" */ = {
			isa = XCConfigurationList;
			buildConfigurations = (
				FF7995402BF14D4100AB3A51 /* Debug */,
				FF7995412BF14D4100AB3A51 /* Release */,
			);
			defaultConfigurationIsVisible = 0;
			defaultConfigurationName = Release;
		};
		FF7995422BF14D4100AB3A51 /* Build configuration list for PBXNativeTarget "TestARApp" */ = {
			isa = XCConfigurationList;
			buildConfigurations = (
				FF7995432BF14D4100AB3A51 /* Debug */,
				FF7995442BF14D4100AB3A51 /* Release */,
			);
			defaultConfigurationIsVisible = 0;
			defaultConfigurationName = Release;
		};
		FF7995452BF14D4100AB3A51 /* Build configuration list for PBXNativeTarget "TestARAppTests" */ = {
			isa = XCConfigurationList;
			buildConfigurations = (
				FF7995462BF14D4100AB3A51 /* Debug */,
				FF7995472BF14D4100AB3A51 /* Release */,
			);
			defaultConfigurationIsVisible = 0;
			defaultConfigurationName = Release;
		};
		FF7995482BF14D4100AB3A51 /* Build configuration list for PBXNativeTarget "TestARAppUITests" */ = {
			isa = XCConfigurationList;
			buildConfigurations = (
				FF7995492BF14D4100AB3A51 /* Debug */,
				FF79954A2BF14D4100AB3A51 /* Release */,
			);
			defaultConfigurationIsVisible = 0;
			defaultConfigurationName = Release;
		};
/* End XCConfigurationList section */
	};
	rootObject = FF7995162BF14D4000AB3A51 /* Project object */;
}
